
Microsoft Visual Studio Solution File, Format Version 12.00
# Visual Studio Version 17
VisualStudioVersion = 17.7.34018.315
MinimumVisualStudioVersion = 10.0.40219.1
Project("{9A19103F-16F7-4668-BE54-9A1E7A4F7556}") = "TourplanAPIApp", "TourplanAPIApp.csproj", "{FB9F8E10-5DCF-470C-9614-60ABFA478114}"
EndProject
Global
	GlobalSection(SolutionConfigurationPlatforms) = preSolution
		Debug|Any CPU = Debug|Any CPU
		Release|Any CPU = Release|Any CPU
	EndGlobalSection
	GlobalSection(ProjectConfigurationPlatforms) = postSolution
		{FB9F8E10-5DCF-470C-9614-60ABFA478114}.Debug|Any CPU.ActiveCfg = Debug|Any CPU
		{FB9F8E10-5DCF-470C-9614-60ABFA478114}.Debug|Any CPU.Build.0 = Debug|Any CPU
		{FB9F8E10-5DCF-470C-9614-60ABFA478114}.Release|Any CPU.ActiveCfg = Release|Any CPU
		{FB9F8E10-5DCF-470C-9614-60ABFA478114}.Release|Any CPU.Build.0 = Release|Any CPU
	EndGlobalSection
	GlobalSection(SolutionProperties) = preSolution
		HideSolutionNode = FALSE
	EndGlobalSection
	GlobalSection(ExtensibilityGlobals) = postSolution
		SolutionGuid = {344B6B9B-B09A-4326-8741-98F4F67E746E}
	EndGlobalSection
EndGlobal
